PODS:
  - Alamofire (4.5.1)
  - SwiftLint (0.24.0)
  - SwiftyJSON (4.0.0)
  - TPKeyboardAvoiding (1.3.2)

DEPENDENCIES:
  - Alamofire
  - SwiftLint
  - SwiftyJSON
  - TPKeyboardAvoiding

SPEC CHECKSUMS:
  Alamofire: 2d95912bf4c34f164fdfc335872e8c312acaea4a
  SwiftLint: a014c92b4664e8b13f380f8640a51bb1733778ba
  SwiftyJSON: 070dabdcb1beb81b247c65ffa3a79dbbfb3b48aa
  TPKeyboardAvoiding: cb69d5ddbe90ce0170e4bc2db1e5e41d4a3ad9a4

PODFILE CHECKSUM: 996fffb948fbbe2aee58fb77b62c3e2afa5815ba

COCOAPODS: 1.3.1
